
Microsoft Visual Studio Solution File, Format Version 12.00
# Visual Studio Version 17
VisualStudioVersion = 17.9.34728.123
MinimumVisualStudioVersion = 10.0.40219.1
Project("{FAE04EC0-301F-11D3-BF4B-00C04F79EFBC}") = "PlateUp-ForceConsent", "PlateUp-ForceConsent.csproj", "{C95B4CC0-93FD-4A00-9EFC-6469F98C35D7}"
EndProject
Global
	GlobalSection(SolutionConfigurationPlatforms) = preSolution
		Debug|Any CPU = Debug|Any CPU
		Release|Any CPU = Release|Any CPU
	EndGlobalSection
	GlobalSection(ProjectConfigurationPlatforms) = postSolution
		{C95B4CC0-93FD-4A00-9EFC-6469F98C35D7}.Debug|Any CPU.ActiveCfg = Debug|Any CPU
		{C95B4CC0-93FD-4A00-9EFC-6469F98C35D7}.Debug|Any CPU.Build.0 = Debug|Any CPU
		{C95B4CC0-93FD-4A00-9EFC-6469F98C35D7}.Release|Any CPU.ActiveCfg = Release|Any CPU
		{C95B4CC0-93FD-4A00-9EFC-6469F98C35D7}.Release|Any CPU.Build.0 = Release|Any CPU
	EndGlobalSection
	GlobalSection(SolutionProperties) = preSolution
		HideSolutionNode = FALSE
	EndGlobalSection
	GlobalSection(ExtensibilityGlobals) = postSolution
		SolutionGuid = {1ED76FE6-E249-4080-B2A5-3118B5EA22D9}
	EndGlobalSection
EndGlobal
